
Microsoft Visual Studio Solution File, Format Version 12.00
# Visual Studio Version 16
VisualStudioVersion = 16.0.31205.134
MinimumVisualStudioVersion = 10.0.40219.1
Project("{FAE04EC0-301F-11D3-BF4B-00C04F79EFBC}") = "API", "API\API.csproj", "{041D1A9C-3B1D-4E4A-A8E1-E8FE954A415B}"
EndProject
Project("{FAE04EC0-301F-11D3-BF4B-00C04F79EFBC}") = "MCV", "MCV\MCV.csproj", "{10DE757C-85F2-4CA7-83B7-E226D78CEC9E}"
EndProject
Global
	GlobalSection(SolutionConfigurationPlatforms) = preSolution
		Debug|Any CPU = Debug|Any CPU
		Release|Any CPU = Release|Any CPU
	EndGlobalSection
	GlobalSection(ProjectConfigurationPlatforms) = postSolution
		{041D1A9C-3B1D-4E4A-A8E1-E8FE954A415B}.Debug|Any CPU.ActiveCfg = Debug|Any CPU
		{041D1A9C-3B1D-4E4A-A8E1-E8FE954A415B}.Debug|Any CPU.Build.0 = Debug|Any CPU
		{041D1A9C-3B1D-4E4A-A8E1-E8FE954A415B}.Release|Any CPU.ActiveCfg = Release|Any CPU
		{041D1A9C-3B1D-4E4A-A8E1-E8FE954A415B}.Release|Any CPU.Build.0 = Release|Any CPU
		{10DE757C-85F2-4CA7-83B7-E226D78CEC9E}.Debug|Any CPU.ActiveCfg = Debug|Any CPU
		{10DE757C-85F2-4CA7-83B7-E226D78CEC9E}.Debug|Any CPU.Build.0 = Debug|Any CPU
		{10DE757C-85F2-4CA7-83B7-E226D78CEC9E}.Release|Any CPU.ActiveCfg = Release|Any CPU
		{10DE757C-85F2-4CA7-83B7-E226D78CEC9E}.Release|Any CPU.Build.0 = Release|Any CPU
	EndGlobalSection
	GlobalSection(SolutionProperties) = preSolution
		HideSolutionNode = FALSE
	EndGlobalSection
	GlobalSection(ExtensibilityGlobals) = postSolution
		SolutionGuid = {8A4CCCA6-067D-434B-A08E-09B2449DC572}
	EndGlobalSection
EndGlobal
